
Microsoft Visual Studio Solution File, Format Version 12.00
# Visual Studio Version 16
VisualStudioVersion = 16.0.32428.217
MinimumVisualStudioVersion = 10.0.40219.1
Project("{8BC9CEB8-8B4A-11D0-8D11-00A0C91BC942}") = "Lexer", "Lexer\Lexer.vcxproj", "{4484B152-E1D4-4C53-BBBA-A6F77CC4DFA9}"
EndProject
Global
	GlobalSection(SolutionConfigurationPlatforms) = preSolution
		Debug|x64 = Debug|x64
		Debug|x86 = Debug|x86
		Release|x64 = Release|x64
		Release|x86 = Release|x86
	EndGlobalSection
	GlobalSection(ProjectConfigurationPlatforms) = postSolution
		{4484B152-E1D4-4C53-BBBA-A6F77CC4DFA9}.Debug|x64.ActiveCfg = Debug|x64
		{4484B152-E1D4-4C53-BBBA-A6F77CC4DFA9}.Debug|x64.Build.0 = Debug|x64
		{4484B152-E1D4-4C53-BBBA-A6F77CC4DFA9}.Debug|x86.ActiveCfg = Debug|Win32
		{4484B152-E1D4-4C53-BBBA-A6F77CC4DFA9}.Debug|x86.Build.0 = Debug|Win32
		{4484B152-E1D4-4C53-BBBA-A6F77CC4DFA9}.Release|x64.ActiveCfg = Release|x64
		{4484B152-E1D4-4C53-BBBA-A6F77CC4DFA9}.Release|x64.Build.0 = Release|x64
		{4484B152-E1D4-4C53-BBBA-A6F77CC4DFA9}.Release|x86.ActiveCfg = Release|Win32
		{4484B152-E1D4-4C53-BBBA-A6F77CC4DFA9}.Release|x86.Build.0 = Release|Win32
	EndGlobalSection
	GlobalSection(SolutionProperties) = preSolution
		HideSolutionNode = FALSE
	EndGlobalSection
	GlobalSection(ExtensibilityGlobals) = postSolution
		SolutionGuid = {F9ED105F-8D23-4528-B41D-B68E416423BA}
	EndGlobalSection
EndGlobal
